
Microsoft Visual Studio Solution File, Format Version 12.00
# Visual Studio Version 16
VisualStudioVersion = 16.0.29009.5
MinimumVisualStudioVersion = 10.0.40219.1
Project("{FAE04EC0-301F-11D3-BF4B-00C04F79EFBC}") = "TESO", "TESO\TESO.csproj", "{5B66C865-9724-4811-A908-A5FDF760F10A}"
EndProject
Global
	GlobalSection(SolutionConfigurationPlatforms) = preSolution
		Debug|Any CPU = Debug|Any CPU
		Release|Any CPU = Release|Any CPU
	EndGlobalSection
	GlobalSection(ProjectConfigurationPlatforms) = postSolution
		{5B66C865-9724-4811-A908-A5FDF760F10A}.Debug|Any CPU.ActiveCfg = Debug|Any CPU
		{5B66C865-9724-4811-A908-A5FDF760F10A}.Debug|Any CPU.Build.0 = Debug|Any CPU
		{5B66C865-9724-4811-A908-A5FDF760F10A}.Release|Any CPU.ActiveCfg = Release|Any CPU
		{5B66C865-9724-4811-A908-A5FDF760F10A}.Release|Any CPU.Build.0 = Release|Any CPU
	EndGlobalSection
	GlobalSection(SolutionProperties) = preSolution
		HideSolutionNode = FALSE
	EndGlobalSection
	GlobalSection(ExtensibilityGlobals) = postSolution
		SolutionGuid = {8B10A746-640B-4896-A4E7-BA63E36D5285}
	EndGlobalSection
EndGlobal
