
Microsoft Visual Studio Solution File, Format Version 12.00
# Visual Studio Version 16
VisualStudioVersion = 16.0.28922.388
MinimumVisualStudioVersion = 10.0.40219.1
Project("{FAE04EC0-301F-11D3-BF4B-00C04F79EFBC}") = "intro til c-sharp", "intro til c-sharp\intro til c-sharp.csproj", "{356AF0C9-1CDD-4D55-87E9-CEE5A8B485AB}"
EndProject
Global
	GlobalSection(SolutionConfigurationPlatforms) = preSolution
		Debug|Any CPU = Debug|Any CPU
		Release|Any CPU = Release|Any CPU
	EndGlobalSection
	GlobalSection(ProjectConfigurationPlatforms) = postSolution
		{356AF0C9-1CDD-4D55-87E9-CEE5A8B485AB}.Debug|Any CPU.ActiveCfg = Debug|Any CPU
		{356AF0C9-1CDD-4D55-87E9-CEE5A8B485AB}.Debug|Any CPU.Build.0 = Debug|Any CPU
		{356AF0C9-1CDD-4D55-87E9-CEE5A8B485AB}.Release|Any CPU.ActiveCfg = Release|Any CPU
		{356AF0C9-1CDD-4D55-87E9-CEE5A8B485AB}.Release|Any CPU.Build.0 = Release|Any CPU
	EndGlobalSection
	GlobalSection(SolutionProperties) = preSolution
		HideSolutionNode = FALSE
	EndGlobalSection
	GlobalSection(ExtensibilityGlobals) = postSolution
		SolutionGuid = {9358BE9C-769D-41F1-95DD-A052496647A7}
	EndGlobalSection
EndGlobal
