
Microsoft Visual Studio Solution File, Format Version 12.00
# Visual Studio Version 16
VisualStudioVersion = 16.0.28922.388
MinimumVisualStudioVersion = 10.0.40219.1
Project("{FAE04EC0-301F-11D3-BF4B-00C04F79EFBC}") = "UndervisningIO", "UndervisningIO\UndervisningIO.csproj", "{7032B119-DFC6-4FDF-95AD-6FD18218DDD3}"
EndProject
Global
	GlobalSection(SolutionConfigurationPlatforms) = preSolution
		Debug|Any CPU = Debug|Any CPU
		Release|Any CPU = Release|Any CPU
	EndGlobalSection
	GlobalSection(ProjectConfigurationPlatforms) = postSolution
		{7032B119-DFC6-4FDF-95AD-6FD18218DDD3}.Debug|Any CPU.ActiveCfg = Debug|Any CPU
		{7032B119-DFC6-4FDF-95AD-6FD18218DDD3}.Debug|Any CPU.Build.0 = Debug|Any CPU
		{7032B119-DFC6-4FDF-95AD-6FD18218DDD3}.Release|Any CPU.ActiveCfg = Release|Any CPU
		{7032B119-DFC6-4FDF-95AD-6FD18218DDD3}.Release|Any CPU.Build.0 = Release|Any CPU
	EndGlobalSection
	GlobalSection(SolutionProperties) = preSolution
		HideSolutionNode = FALSE
	EndGlobalSection
	GlobalSection(ExtensibilityGlobals) = postSolution
		SolutionGuid = {BA335436-06A0-4032-B1AA-FC0A042220B0}
	EndGlobalSection
EndGlobal
