
Microsoft Visual Studio Solution File, Format Version 12.00
# Visual Studio Version 16
VisualStudioVersion = 16.0.28922.388
MinimumVisualStudioVersion = 10.0.40219.1
Project("{FAE04EC0-301F-11D3-BF4B-00C04F79EFBC}") = "Arrays", "Arrays\Arrays.csproj", "{DE65AB3D-5C1B-4E1A-BB89-1BA9C445E7E1}"
EndProject
Global
	GlobalSection(SolutionConfigurationPlatforms) = preSolution
		Debug|Any CPU = Debug|Any CPU
		Release|Any CPU = Release|Any CPU
	EndGlobalSection
	GlobalSection(ProjectConfigurationPlatforms) = postSolution
		{DE65AB3D-5C1B-4E1A-BB89-1BA9C445E7E1}.Debug|Any CPU.ActiveCfg = Debug|Any CPU
		{DE65AB3D-5C1B-4E1A-BB89-1BA9C445E7E1}.Debug|Any CPU.Build.0 = Debug|Any CPU
		{DE65AB3D-5C1B-4E1A-BB89-1BA9C445E7E1}.Release|Any CPU.ActiveCfg = Release|Any CPU
		{DE65AB3D-5C1B-4E1A-BB89-1BA9C445E7E1}.Release|Any CPU.Build.0 = Release|Any CPU
	EndGlobalSection
	GlobalSection(SolutionProperties) = preSolution
		HideSolutionNode = FALSE
	EndGlobalSection
	GlobalSection(ExtensibilityGlobals) = postSolution
		SolutionGuid = {DD62B708-ED4E-4F3D-9132-F5A8B7274653}
	EndGlobalSection
EndGlobal
