
Microsoft Visual Studio Solution File, Format Version 12.00
# Visual Studio Version 16
VisualStudioVersion = 16.0.29020.237
MinimumVisualStudioVersion = 10.0.40219.1
Project("{FAE04EC0-301F-11D3-BF4B-00C04F79EFBC}") = "Familie", "Familie\Familie.csproj", "{3CFC41EF-F061-4463-97D6-2CDCCA63611D}"
EndProject
Global
	GlobalSection(SolutionConfigurationPlatforms) = preSolution
		Debug|Any CPU = Debug|Any CPU
		Release|Any CPU = Release|Any CPU
	EndGlobalSection
	GlobalSection(ProjectConfigurationPlatforms) = postSolution
		{3CFC41EF-F061-4463-97D6-2CDCCA63611D}.Debug|Any CPU.ActiveCfg = Debug|Any CPU
		{3CFC41EF-F061-4463-97D6-2CDCCA63611D}.Debug|Any CPU.Build.0 = Debug|Any CPU
		{3CFC41EF-F061-4463-97D6-2CDCCA63611D}.Release|Any CPU.ActiveCfg = Release|Any CPU
		{3CFC41EF-F061-4463-97D6-2CDCCA63611D}.Release|Any CPU.Build.0 = Release|Any CPU
	EndGlobalSection
	GlobalSection(SolutionProperties) = preSolution
		HideSolutionNode = FALSE
	EndGlobalSection
	GlobalSection(ExtensibilityGlobals) = postSolution
		SolutionGuid = {B1E78F42-8CAC-4E24-925D-1010C1CB400B}
	EndGlobalSection
EndGlobal
